// !$*UTF8*$!
{
	archiveVersion = 1;
	classes = {
	};
	objectVersion = 50;
	objects = {

/* Begin PBXBuildFile section */
		156311B5261037D60033FFF8 /* Example_iOS_SwiftUIApp.swift in Sources */ = {isa = PBXBuildFile; fileRef = 156311B4261037D60033FFF8 /* Example_iOS_SwiftUIApp.swift */; };
		156311B9261037D70033FFF8 /* Assets.xcassets in Resources */ = {isa = PBXBuildFile; fileRef = 156311B8261037D70033FFF8 /* Assets.xcassets */; };
		156311BC261037D70033FFF8 /* Preview Assets.xcassets in Resources */ = {isa = PBXBuildFile; fileRef = 156311BB261037D70033FFF8 /* Preview Assets.xcassets */; };
		4B02529128F414FE00EC67AA /* WatchLayout_SwiftUI.framework in Frameworks */ = {isa = PBXBuildFile; fileRef = 4B02528D28F3DEBF00EC67AA /* WatchLayout_SwiftUI.framework */; };
		4B02529228F414FE00EC67AA /* WatchLayout_SwiftUI.framework in Embed Frameworks */ = {isa = PBXBuildFile; fileRef = 4B02528D28F3DEBF00EC67AA /* WatchLayout_SwiftUI.framework */; settings = {ATTRIBUTES = (CodeSignOnCopy, RemoveHeadersOnCopy, ); }; };
/* End PBXBuildFile section */

/* Begin PBXContainerItemProxy section */
		156311CD261038750033FFF8 /* PBXContainerItemProxy */ = {
			isa = PBXContainerItemProxy;
			containerPortal = 156311C8261038740033FFF8 /* WatchLayout.xcodeproj */;
			proxyType = 2;
			remoteGlobalIDString = 156311632610331E0033FFF8;
			remoteInfo = WatchLayout;
		};
		4B02528C28F3DEBF00EC67AA /* PBXContainerItemProxy */ = {
			isa = PBXContainerItemProxy;
			containerPortal = 156311C8261038740033FFF8 /* WatchLayout.xcodeproj */;
			proxyType = 2;
			remoteGlobalIDString = 4B02527E28F3DE8700EC67AA;
			remoteInfo = "WatchLayout-SwiftUI";
		};
/* End PBXContainerItemProxy section */

/* Begin PBXCopyFilesBuildPhase section */
		4B02529328F414FE00EC67AA /* Embed Frameworks */ = {
			isa = PBXCopyFilesBuildPhase;
			buildActionMask = 2147483647;
			dstPath = "";
			dstSubfolderSpec = 10;
			files = (
				4B02529228F414FE00EC67AA /* WatchLayout_SwiftUI.framework in Embed Frameworks */,
			);
			name = "Embed Frameworks";
			runOnlyForDeploymentPostprocessing = 0;
		};
/* End PBXCopyFilesBuildPhase section */

/* Begin PBXFileReference section */
		156311B1261037D60033FFF8 /* Example-iOS-SwiftUI.app */ = {isa = PBXFileReference; explicitFileType = wrapper.application; includeInIndex = 0; path = "Example-iOS-SwiftUI.app"; sourceTree = BUILT_PRODUCTS_DIR; };
		156311B4261037D60033FFF8 /* Example_iOS_SwiftUIApp.swift */ = {isa = PBXFileReference; lastKnownFileType = sourcecode.swift; path = Example_iOS_SwiftUIApp.swift; sourceTree = "<group>"; };
		156311B8261037D70033FFF8 /* Assets.xcassets */ = {isa = PBXFileReference; lastKnownFileType = folder.assetcatalog; path = Assets.xcassets; sourceTree = "<group>"; };
		156311BB261037D70033FFF8 /* Preview Assets.xcassets */ = {isa = PBXFileReference; lastKnownFileType = folder.assetcatalog; path = "Preview Assets.xcassets"; sourceTree = "<group>"; };
		156311BD261037D70033FFF8 /* Info.plist */ = {isa = PBXFileReference; lastKnownFileType = text.plist.xml; path = Info.plist; sourceTree = "<group>"; };
		156311C8261038740033FFF8 /* WatchLayout.xcodeproj */ = {isa = PBXFileReference; lastKnownFileType = "wrapper.pb-project"; name = WatchLayout.xcodeproj; path = ../WatchLayout.xcodeproj; sourceTree = "<group>"; };
/* End PBXFileReference section */

/* Begin PBXFrameworksBuildPhase section */
		156311AE261037D60033FFF8 /* Frameworks */ = {
			isa = PBXFrameworksBuildPhase;
			buildActionMask = 2147483647;
			files = (
				4B02529128F414FE00EC67AA /* WatchLayout_SwiftUI.framework in Frameworks */,
			);
			runOnlyForDeploymentPostprocessing = 0;
		};
/* End PBXFrameworksBuildPhase section */

/* Begin PBXGroup section */
		156311A8261037D60033FFF8 = {
			isa = PBXGroup;
			children = (
				156311C8261038740033FFF8 /* WatchLayout.xcodeproj */,
				156311B3261037D60033FFF8 /* Example-iOS-SwiftUI */,
				156311B2261037D60033FFF8 /* Products */,
				156311D2261038930033FFF8 /* Frameworks */,
			);
			sourceTree = "<group>";
		};
		156311B2261037D60033FFF8 /* Products */ = {
			isa = PBXGroup;
			children = (
				156311B1261037D60033FFF8 /* Example-iOS-SwiftUI.app */,
			);
			name = Products;
			sourceTree = "<group>";
		};
		156311B3261037D60033FFF8 /* Example-iOS-SwiftUI */ = {
			isa = PBXGroup;
			children = (
				156311B4261037D60033FFF8 /* Example_iOS_SwiftUIApp.swift */,
				156311B8261037D70033FFF8 /* Assets.xcassets */,
				156311BD261037D70033FFF8 /* Info.plist */,
				156311BA261037D70033FFF8 /* Preview Content */,
			);
			path = "Example-iOS-SwiftUI";
			sourceTree = "<group>";
		};
		156311BA261037D70033FFF8 /* Preview Content */ = {
			isa = PBXGroup;
			children = (
				156311BB261037D70033FFF8 /* Preview Assets.xcassets */,
			);
			path = "Preview Content";
			sourceTree = "<group>";
		};
		156311C9261038740033FFF8 /* Products */ = {
			isa = PBXGroup;
			children = (
				156311CE261038750033FFF8 /* WatchLayout.framework */,
				4B02528D28F3DEBF00EC67AA /* WatchLayout_SwiftUI.framework */,
			);
			name = Products;
			sourceTree = "<group>";
		};
		156311D2261038930033FFF8 /* Frameworks */ = {
			isa = PBXGroup;
			children = (
			);
			name = Frameworks;
			sourceTree = "<group>";
		};
/* End PBXGroup section */

/* Begin PBXNativeTarget section */
		156311B0261037D60033FFF8 /* Example-iOS-SwiftUI */ = {
			isa = PBXNativeTarget;
			buildConfigurationList = 156311C0261037D70033FFF8 /* Build configuration list for PBXNativeTarget "Example-iOS-SwiftUI" */;
			buildPhases = (
				156311AD261037D60033FFF8 /* Sources */,
				156311AE261037D60033FFF8 /* Frameworks */,
				156311AF261037D60033FFF8 /* Resources */,
				4B02529328F414FE00EC67AA /* Embed Frameworks */,
			);
			buildRules = (
			);
			dependencies = (
			);
			name = "Example-iOS-SwiftUI";
			productName = "Example-iOS-SwiftUI";
			productReference = 156311B1261037D60033FFF8 /* Example-iOS-SwiftUI.app */;
			productType = "com.apple.product-type.application";
		};
/* End PBXNativeTarget section */

/* Begin PBXProject section */
		156311A9261037D60033FFF8 /* Project object */ = {
			isa = PBXProject;
			attributes = {
				LastSwiftUpdateCheck = 1240;
				LastUpgradeCheck = 1240;
				TargetAttributes = {
					156311B0261037D60033FFF8 = {
						CreatedOnToolsVersion = 12.4;
					};
				};
			};
			buildConfigurationList = 156311AC261037D60033FFF8 /* Build configuration list for PBXProject "Example-iOS-SwiftUI" */;
			compatibilityVersion = "Xcode 9.3";
			developmentRegion = en;
			hasScannedForEncodings = 0;
			knownRegions = (
				en,
				Base,
			);
			mainGroup = 156311A8261037D60033FFF8;
			productRefGroup = 156311B2261037D60033FFF8 /* Products */;
			projectDirPath = "";
			projectReferences = (
				{
					ProductGroup = 156311C9261038740033FFF8 /* Products */;
					ProjectRef = 156311C8261038740033FFF8 /* WatchLayout.xcodeproj */;
				},
			);
			projectRoot = "";
			targets = (
				156311B0261037D60033FFF8 /* Example-iOS-SwiftUI */,
			);
		};
/* End PBXProject section */

/* Begin PBXReferenceProxy section */
		156311CE261038750033FFF8 /* WatchLayout.framework */ = {
			isa = PBXReferenceProxy;
			fileType = wrapper.framework;
			path = WatchLayout.framework;
			remoteRef = 156311CD261038750033FFF8 /* PBXContainerItemProxy */;
			sourceTree = BUILT_PRODUCTS_DIR;
		};
		4B02528D28F3DEBF00EC67AA /* WatchLayout_SwiftUI.framework */ = {
			isa = PBXReferenceProxy;
			fileType = wrapper.framework;
			path = WatchLayout_SwiftUI.framework;
			remoteRef = 4B02528C28F3DEBF00EC67AA /* PBXContainerItemProxy */;
			sourceTree = BUILT_PRODUCTS_DIR;
		};
/* End PBXReferenceProxy section */

/* Begin PBXResourcesBuildPhase section */
		156311AF261037D60033FFF8 /* Resources */ = {
			isa = PBXResourcesBuildPhase;
			buildActionMask = 2147483647;
			files = (
				156311BC261037D70033FFF8 /* Preview Assets.xcassets in Resources */,
				156311B9261037D70033FFF8 /* Assets.xcassets in Resources */,
			);
			runOnlyForDeploymentPostprocessing = 0;
		};
/* End PBXResourcesBuildPhase section */

/* Begin PBXSourcesBuildPhase section */
		156311AD261037D60033FFF8 /* Sources */ = {
			isa = PBXSourcesBuildPhase;
			buildActionMask = 2147483647;
			files = (
				156311B5261037D60033FFF8 /* Example_iOS_SwiftUIApp.swift in Sources */,
			);
			runOnlyForDeploymentPostprocessing = 0;
		};
/* End PBXSourcesBuildPhase section */

/* Begin XCBuildConfiguration section */
		156311BE261037D70033FFF8 /* Debug */ = {
			isa = XCBuildConfiguration;
			buildSettings = {
				ALWAYS_SEARCH_USER_PATHS = NO;
				CLANG_ANALYZER_NONNULL = YES;
				CLANG_ANALYZER_NUMBER_OBJECT_CONVERSION = YES_AGGRESSIVE;
				CLANG_CXX_LANGUAGE_STANDARD = "gnu++14";
				CLANG_CXX_LIBRARY = "libc++";
				CLANG_ENABLE_MODULES = YES;
				CLANG_ENABLE_OBJC_ARC = YES;
				CLANG_ENABLE_OBJC_WEAK = YES;
				CLANG_WARN_BLOCK_CAPTURE_AUTORELEASING = YES;
				CLANG_WARN_BOOL_CONVERSION = YES;
				CLANG_WARN_COMMA = YES;
				CLANG_WARN_CONSTANT_CONVERSION = YES;
				CLANG_WARN_DEPRECATED_OBJC_IMPLEMENTATIONS = YES;
				CLANG_WARN_DIRECT_OBJC_ISA_USAGE = YES_ERROR;
				CLANG_WARN_DOCUMENTATION_COMMENTS = YES;
				CLANG_WARN_EMPTY_BODY = YES;
				CLANG_WARN_ENUM_CONVERSION = YES;
				CLANG_WARN_INFINITE_RECURSION = YES;
				CLANG_WARN_INT_CONVERSION = YES;
				CLANG_WARN_NON_LITERAL_NULL_CONVERSION = YES;
				CLANG_WARN_OBJC_IMPLICIT_RETAIN_SELF = YES;
				CLANG_WARN_OBJC_LITERAL_CONVERSION = YES;
				CLANG_WARN_OBJC_ROOT_CLASS = YES_ERROR;
				CLANG_WARN_QUOTED_INCLUDE_IN_FRAMEWORK_HEADER = YES;
				CLANG_WARN_RANGE_LOOP_ANALYSIS = YES;
				CLANG_WARN_STRICT_PROTOTYPES = YES;
				CLANG_WARN_SUSPICIOUS_MOVE = YES;
				CLANG_WARN_UNGUARDED_AVAILABILITY = YES_AGGRESSIVE;
				CLANG_WARN_UNREACHABLE_CODE = YES;
				CLANG_WARN__DUPLICATE_METHOD_MATCH = YES;
				COPY_PHASE_STRIP = NO;
				DEBUG_INFORMATION_FORMAT = dwarf;
				ENABLE_STRICT_OBJC_MSGSEND = YES;
				ENABLE_TESTABILITY = YES;
				GCC_C_LANGUAGE_STANDARD = gnu11;
				GCC_DYNAMIC_NO_PIC = NO;
				GCC_NO_COMMON_BLOCKS = YES;
				GCC_OPTIMIZATION_LEVEL = 0;
				GCC_PREPROCESSOR_DEFINITIONS = (
					"DEBUG=1",
					"$(inherited)",
				);
				GCC_WARN_64_TO_32_BIT_CONVERSION = YES;
				GCC_WARN_ABOUT_RETURN_TYPE = YES_ERROR;
				GCC_WARN_UNDECLARED_SELECTOR = YES;
				GCC_WARN_UNINITIALIZED_AUTOS = YES_AGGRESSIVE;
				GCC_WARN_UNUSED_FUNCTION = YES;
				GCC_WARN_UNUSED_VARIABLE = YES;
				IPHONEOS_DEPLOYMENT_TARGET = 14.4;
				MTL_ENABLE_DEBUG_INFO = INCLUDE_SOURCE;
				MTL_FAST_MATH = YES;
				ONLY_ACTIVE_ARCH = YES;
				SDKROOT = iphoneos;
				SWIFT_ACTIVE_COMPILATION_CONDITIONS = DEBUG;
				SWIFT_OPTIMIZATION_LEVEL = "-Onone";
			};
			name = Debug;
		};
		156311BF261037D70033FFF8 /* Release */ = {
			isa = XCBuildConfiguration;
			buildSettings = {
				ALWAYS_SEARCH_USER_PATHS = NO;
				CLANG_ANALYZER_NONNULL = YES;
				CLANG_ANALYZER_NUMBER_OBJECT_CONVERSION = YES_AGGRESSIVE;
				CLANG_CXX_LANGUAGE_STANDARD = "gnu++14";
				CLANG_CXX_LIBRARY = "libc++";
				CLANG_ENABLE_MODULES = YES;
				CLANG_ENABLE_OBJC_ARC = YES;
				CLANG_ENABLE_OBJC_WEAK = YES;
				CLANG_WARN_BLOCK_CAPTURE_AUTORELEASING = YES;
				CLANG_WARN_BOOL_CONVERSION = YES;
				CLANG_WARN_COMMA = YES;
				CLANG_WARN_CONSTANT_CONVERSION = YES;
				CLANG_WARN_DEPRECATED_OBJC_IMPLEMENTATIONS = YES;
				CLANG_WARN_DIRECT_OBJC_ISA_USAGE = YES_ERROR;
				CLANG_WARN_DOCUMENTATION_COMMENTS = YES;
				CLANG_WARN_EMPTY_BODY = YES;
				CLANG_WARN_ENUM_CONVERSION = YES;
				CLANG_WARN_INFINITE_RECURSION = YES;
				CLANG_WARN_INT_CONVERSION = YES;
				CLANG_WARN_NON_LITERAL_NULL_CONVERSION = YES;
				CLANG_WARN_OBJC_IMPLICIT_RETAIN_SELF = YES;
				CLANG_WARN_OBJC_LITERAL_CONVERSION = YES;
				CLANG_WARN_OBJC_ROOT_CLASS = YES_ERROR;
				CLANG_WARN_QUOTED_INCLUDE_IN_FRAMEWORK_HEADER = YES;
				CLANG_WARN_RANGE_LOOP_ANALYSIS = YES;
				CLANG_WARN_STRICT_PROTOTYPES = YES;
				CLANG_WARN_SUSPICIOUS_MOVE = YES;
				CLANG_WARN_UNGUARDED_AVAILABILITY = YES_AGGRESSIVE;
				CLANG_WARN_UNREACHABLE_CODE = YES;
				CLANG_WARN__DUPLICATE_METHOD_MATCH = YES;
				COPY_PHASE_STRIP = NO;
				DEBUG_INFORMATION_FORMAT = "dwarf-with-dsym";
				ENABLE_NS_ASSERTIONS = NO;
				ENABLE_STRICT_OBJC_MSGSEND = YES;
				GCC_C_LANGUAGE_STANDARD = gnu11;
				GCC_NO_COMMON_BLOCKS = YES;
				GCC_WARN_64_TO_32_BIT_CONVERSION = YES;
				GCC_WARN_ABOUT_RETURN_TYPE = YES_ERROR;
				GCC_WARN_UNDECLARED_SELECTOR = YES;
				GCC_WARN_UNINITIALIZED_AUTOS = YES_AGGRESSIVE;
				GCC_WARN_UNUSED_FUNCTION = YES;
				GCC_WARN_UNUSED_VARIABLE = YES;
				IPHONEOS_DEPLOYMENT_TARGET = 14.4;
				MTL_ENABLE_DEBUG_INFO = NO;
				MTL_FAST_MATH = YES;
				SDKROOT = iphoneos;
				SWIFT_COMPILATION_MODE = wholemodule;
				SWIFT_OPTIMIZATION_LEVEL = "-O";
				VALIDATE_PRODUCT = YES;
			};
			name = Release;
		};
		156311C1261037D70033FFF8 /* Debug */ = {
			isa = XCBuildConfiguration;
			buildSettings = {
				ASSETCATALOG_COMPILER_APPICON_NAME = AppIcon;
				ASSETCATALOG_COMPILER_GLOBAL_ACCENT_COLOR_NAME = AccentColor;
				CODE_SIGN_STYLE = Automatic;
				DEVELOPMENT_ASSET_PATHS = "\"Example-iOS-SwiftUI/Preview Content\"";
				ENABLE_PREVIEWS = YES;
				INFOPLIST_FILE = "Example-iOS-SwiftUI/Info.plist";
				IPHONEOS_DEPLOYMENT_TARGET = 14.0;
				LD_RUNPATH_SEARCH_PATHS = (
					"$(inherited)",
					"@executable_path/Frameworks",
				);
				PRODUCT_BUNDLE_IDENTIFIER = "Hoc-Tran.Example-iOS-SwiftUI";
				PRODUCT_NAME = "$(TARGET_NAME)";
				SWIFT_VERSION = 5.0;
				TARGETED_DEVICE_FAMILY = "1,2";
			};
			name = Debug;
		};
		156311C2261037D70033FFF8 /* Release */ = {
			isa = XCBuildConfiguration;
			buildSettings = {
				ASSETCATALOG_COMPILER_APPICON_NAME = AppIcon;
				ASSETCATALOG_COMPILER_GLOBAL_ACCENT_COLOR_NAME = AccentColor;
				CODE_SIGN_STYLE = Automatic;
				DEVELOPMENT_ASSET_PATHS = "\"Example-iOS-SwiftUI/Preview Content\"";
				ENABLE_PREVIEWS = YES;
				INFOPLIST_FILE = "Example-iOS-SwiftUI/Info.plist";
				IPHONEOS_DEPLOYMENT_TARGET = 14.0;
				LD_RUNPATH_SEARCH_PATHS = (
					"$(inherited)",
					"@executable_path/Frameworks",
				);
				PRODUCT_BUNDLE_IDENTIFIER = "Hoc-Tran.Example-iOS-SwiftUI";
				PRODUCT_NAME = "$(TARGET_NAME)";
				SWIFT_VERSION = 5.0;
				TARGETED_DEVICE_FAMILY = "1,2";
			};
			name = Release;
		};
/* End XCBuildConfiguration section */

/* Begin XCConfigurationList section */
		156311AC261037D60033FFF8 /* Build configuration list for PBXProject "Example-iOS-SwiftUI" */ = {
			isa = XCConfigurationList;
			buildConfigurations = (
				156311BE261037D70033FFF8 /* Debug */,
				156311BF261037D70033FFF8 /* Release */,
			);
			defaultConfigurationIsVisible = 0;
			defaultConfigurationName = Release;
		};
		156311C0261037D70033FFF8 /* Build configuration list for PBXNativeTarget "Example-iOS-SwiftUI" */ = {
			isa = XCConfigurationList;
			buildConfigurations = (
				156311C1261037D70033FFF8 /* Debug */,
				156311C2261037D70033FFF8 /* Release */,
			);
			defaultConfigurationIsVisible = 0;
			defaultConfigurationName = Release;
		};
/* End XCConfigurationList section */
	};
	rootObject = 156311A9261037D60033FFF8 /* Project object */;
}
